
Microsoft Visual Studio Solution File, Format Version 12.00
# Visual Studio Version 17
VisualStudioVersion = 17.7.34221.43
MinimumVisualStudioVersion = 10.0.40219.1
Project("{8BC9CEB8-8B4A-11D0-8D11-00A0C91BC942}") = "RCCServiceArbiter", "RCCServiceArbiter\RCCServiceArbiter.vcxproj", "{88221F1B-3D72-4947-B936-BCBAA08C8956}"
EndProject
Global
	GlobalSection(SolutionConfigurationPlatforms) = preSolution
		Debug|x64 = Debug|x64
		Debug|x86 = Debug|x86
		Release|x64 = Release|x64
		Release|x86 = Release|x86
	EndGlobalSection
	GlobalSection(ProjectConfigurationPlatforms) = postSolution
		{88221F1B-3D72-4947-B936-BCBAA08C8956}.Debug|x64.ActiveCfg = Debug|x64
		{88221F1B-3D72-4947-B936-BCBAA08C8956}.Debug|x64.Build.0 = Debug|x64
		{88221F1B-3D72-4947-B936-BCBAA08C8956}.Debug|x86.ActiveCfg = Debug|Win32
		{88221F1B-3D72-4947-B936-BCBAA08C8956}.Debug|x86.Build.0 = Debug|Win32
		{88221F1B-3D72-4947-B936-BCBAA08C8956}.Release|x64.ActiveCfg = Release|x64
		{88221F1B-3D72-4947-B936-BCBAA08C8956}.Release|x64.Build.0 = Release|x64
		{88221F1B-3D72-4947-B936-BCBAA08C8956}.Release|x86.ActiveCfg = Release|Win32
		{88221F1B-3D72-4947-B936-BCBAA08C8956}.Release|x86.Build.0 = Release|Win32
	EndGlobalSection
	GlobalSection(SolutionProperties) = preSolution
		HideSolutionNode = FALSE
	EndGlobalSection
	GlobalSection(ExtensibilityGlobals) = postSolution
		SolutionGuid = {2584AC38-8ADB-424B-BE57-96CD5ABFDFBC}
	EndGlobalSection
EndGlobal
